
Microsoft Visual Studio Solution File, Format Version 12.00
# Visual Studio Version 17
VisualStudioVersion = 17.7.34031.279
MinimumVisualStudioVersion = 10.0.40219.1
Project("{FAE04EC0-301F-11D3-BF4B-00C04F79EFBC}") = "SingleInheritance", "SingleInheritance\SingleInheritance.csproj", "{13B26759-39DE-4347-994C-45BE3147F349}"
EndProject
Project("{FAE04EC0-301F-11D3-BF4B-00C04F79EFBC}") = "HierarchicalInheritance", "HierarchicalInheritance\HierarchicalInheritance.csproj", "{F8485FA6-75E1-41C1-8C33-1DB77678FD97}"
EndProject
Project("{FAE04EC0-301F-11D3-BF4B-00C04F79EFBC}") = "RandomList", "RandomList\RandomList.csproj", "{50D87834-5155-4B2B-B67A-E68C75F2B506}"
EndProject
Project("{FAE04EC0-301F-11D3-BF4B-00C04F79EFBC}") = "CustomStack", "CustomStack\CustomStack.csproj", "{DC978145-8482-4993-8F4A-F9D82C5FEBAB}"
EndProject
Global
	GlobalSection(SolutionConfigurationPlatforms) = preSolution
		Debug|Any CPU = Debug|Any CPU
		Release|Any CPU = Release|Any CPU
	EndGlobalSection
	GlobalSection(ProjectConfigurationPlatforms) = postSolution
		{13B26759-39DE-4347-994C-45BE3147F349}.Debug|Any CPU.ActiveCfg = Debug|Any CPU
		{13B26759-39DE-4347-994C-45BE3147F349}.Debug|Any CPU.Build.0 = Debug|Any CPU
		{13B26759-39DE-4347-994C-45BE3147F349}.Release|Any CPU.ActiveCfg = Release|Any CPU
		{13B26759-39DE-4347-994C-45BE3147F349}.Release|Any CPU.Build.0 = Release|Any CPU
		{F8485FA6-75E1-41C1-8C33-1DB77678FD97}.Debug|Any CPU.ActiveCfg = Debug|Any CPU
		{F8485FA6-75E1-41C1-8C33-1DB77678FD97}.Debug|Any CPU.Build.0 = Debug|Any CPU
		{F8485FA6-75E1-41C1-8C33-1DB77678FD97}.Release|Any CPU.ActiveCfg = Release|Any CPU
		{F8485FA6-75E1-41C1-8C33-1DB77678FD97}.Release|Any CPU.Build.0 = Release|Any CPU
		{50D87834-5155-4B2B-B67A-E68C75F2B506}.Debug|Any CPU.ActiveCfg = Debug|Any CPU
		{50D87834-5155-4B2B-B67A-E68C75F2B506}.Debug|Any CPU.Build.0 = Debug|Any CPU
		{50D87834-5155-4B2B-B67A-E68C75F2B506}.Release|Any CPU.ActiveCfg = Release|Any CPU
		{50D87834-5155-4B2B-B67A-E68C75F2B506}.Release|Any CPU.Build.0 = Release|Any CPU
		{DC978145-8482-4993-8F4A-F9D82C5FEBAB}.Debug|Any CPU.ActiveCfg = Debug|Any CPU
		{DC978145-8482-4993-8F4A-F9D82C5FEBAB}.Debug|Any CPU.Build.0 = Debug|Any CPU
		{DC978145-8482-4993-8F4A-F9D82C5FEBAB}.Release|Any CPU.ActiveCfg = Release|Any CPU
		{DC978145-8482-4993-8F4A-F9D82C5FEBAB}.Release|Any CPU.Build.0 = Release|Any CPU
	EndGlobalSection
	GlobalSection(SolutionProperties) = preSolution
		HideSolutionNode = FALSE
	EndGlobalSection
	GlobalSection(ExtensibilityGlobals) = postSolution
		SolutionGuid = {6AC5C142-67D5-4E91-8790-BF59132B1944}
	EndGlobalSection
EndGlobal
