
Microsoft Visual Studio Solution File, Format Version 12.00
# Visual Studio Version 17
VisualStudioVersion = 17.3.32929.385
MinimumVisualStudioVersion = 10.0.40219.1
Project("{9A19103F-16F7-4668-BE54-9A1E7A4F7556}") = "UniversityCompetition", "UniversityCompetition.csproj", "{60A2A9F0-00AA-4605-8A7D-6F3369BB0765}"
EndProject
Project("{FAE04EC0-301F-11D3-BF4B-00C04F79EFBC}") = "UniversityCompetitionTests", "..\UniversityCompetitionTests\UniversityCompetitionTests.csproj", "{E5AC1A35-B77A-40C9-8582-4AE93AA2BE56}"
EndProject
Global
	GlobalSection(SolutionConfigurationPlatforms) = preSolution
		Debug|Any CPU = Debug|Any CPU
		Release|Any CPU = Release|Any CPU
	EndGlobalSection
	GlobalSection(ProjectConfigurationPlatforms) = postSolution
		{60A2A9F0-00AA-4605-8A7D-6F3369BB0765}.Debug|Any CPU.ActiveCfg = Debug|Any CPU
		{60A2A9F0-00AA-4605-8A7D-6F3369BB0765}.Debug|Any CPU.Build.0 = Debug|Any CPU
		{60A2A9F0-00AA-4605-8A7D-6F3369BB0765}.Release|Any CPU.ActiveCfg = Release|Any CPU
		{60A2A9F0-00AA-4605-8A7D-6F3369BB0765}.Release|Any CPU.Build.0 = Release|Any CPU
		{E5AC1A35-B77A-40C9-8582-4AE93AA2BE56}.Debug|Any CPU.ActiveCfg = Debug|Any CPU
		{E5AC1A35-B77A-40C9-8582-4AE93AA2BE56}.Debug|Any CPU.Build.0 = Debug|Any CPU
		{E5AC1A35-B77A-40C9-8582-4AE93AA2BE56}.Release|Any CPU.ActiveCfg = Release|Any CPU
		{E5AC1A35-B77A-40C9-8582-4AE93AA2BE56}.Release|Any CPU.Build.0 = Release|Any CPU
	EndGlobalSection
	GlobalSection(SolutionProperties) = preSolution
		HideSolutionNode = FALSE
	EndGlobalSection
	GlobalSection(ExtensibilityGlobals) = postSolution
		SolutionGuid = {731D886A-AD1C-4951-B8D3-C982D1AFABED}
	EndGlobalSection
EndGlobal
