
Microsoft Visual Studio Solution File, Format Version 12.00
# Visual Studio Version 16
VisualStudioVersion = 16.0.32510.428
MinimumVisualStudioVersion = 10.0.40219.1
Project("{9A19103F-16F7-4668-BE54-9A1E7A4F7556}") = "Tetris", "Tetris\Tetris.csproj", "{C8548C93-D8E9-40A8-B3C0-EB697918212D}"
EndProject
Project("{FAE04EC0-301F-11D3-BF4B-00C04F79EFBC}") = "TetrisNew", "TetrisNew\TetrisNew.csproj", "{4546200E-369A-4ECA-B873-43E2483C583D}"
EndProject
Global
	GlobalSection(SolutionConfigurationPlatforms) = preSolution
		Debug|Any CPU = Debug|Any CPU
		Release|Any CPU = Release|Any CPU
	EndGlobalSection
	GlobalSection(ProjectConfigurationPlatforms) = postSolution
		{C8548C93-D8E9-40A8-B3C0-EB697918212D}.Debug|Any CPU.ActiveCfg = Debug|Any CPU
		{C8548C93-D8E9-40A8-B3C0-EB697918212D}.Debug|Any CPU.Build.0 = Debug|Any CPU
		{C8548C93-D8E9-40A8-B3C0-EB697918212D}.Release|Any CPU.ActiveCfg = Release|Any CPU
		{C8548C93-D8E9-40A8-B3C0-EB697918212D}.Release|Any CPU.Build.0 = Release|Any CPU
		{4546200E-369A-4ECA-B873-43E2483C583D}.Debug|Any CPU.ActiveCfg = Debug|Any CPU
		{4546200E-369A-4ECA-B873-43E2483C583D}.Debug|Any CPU.Build.0 = Debug|Any CPU
		{4546200E-369A-4ECA-B873-43E2483C583D}.Release|Any CPU.ActiveCfg = Release|Any CPU
		{4546200E-369A-4ECA-B873-43E2483C583D}.Release|Any CPU.Build.0 = Release|Any CPU
	EndGlobalSection
	GlobalSection(SolutionProperties) = preSolution
		HideSolutionNode = FALSE
	EndGlobalSection
	GlobalSection(ExtensibilityGlobals) = postSolution
		SolutionGuid = {62AE6A4B-57FA-4497-A52E-E2B3ED9F97EB}
	EndGlobalSection
EndGlobal
