
Microsoft Visual Studio Solution File, Format Version 12.00
# Visual Studio Version 17
VisualStudioVersion = 17.7.34031.279
MinimumVisualStudioVersion = 10.0.40219.1
Project("{FAE04EC0-301F-11D3-BF4B-00C04F79EFBC}") = "01. Monster Extermination", "AdvancedExamPreparation\01. Monster Extermination.csproj", "{AFF4463F-8D63-475D-85F7-F2BFB63E0926}"
EndProject
Project("{FAE04EC0-301F-11D3-BF4B-00C04F79EFBC}") = "02. Delivery Boy", "02. Delivery Boy\02. Delivery Boy.csproj", "{659F7D3A-4958-4585-9695-28B98DA56EEC}"
EndProject
Global
	GlobalSection(SolutionConfigurationPlatforms) = preSolution
		Debug|Any CPU = Debug|Any CPU
		Release|Any CPU = Release|Any CPU
	EndGlobalSection
	GlobalSection(ProjectConfigurationPlatforms) = postSolution
		{AFF4463F-8D63-475D-85F7-F2BFB63E0926}.Debug|Any CPU.ActiveCfg = Debug|Any CPU
		{AFF4463F-8D63-475D-85F7-F2BFB63E0926}.Debug|Any CPU.Build.0 = Debug|Any CPU
		{AFF4463F-8D63-475D-85F7-F2BFB63E0926}.Release|Any CPU.ActiveCfg = Release|Any CPU
		{AFF4463F-8D63-475D-85F7-F2BFB63E0926}.Release|Any CPU.Build.0 = Release|Any CPU
		{659F7D3A-4958-4585-9695-28B98DA56EEC}.Debug|Any CPU.ActiveCfg = Debug|Any CPU
		{659F7D3A-4958-4585-9695-28B98DA56EEC}.Debug|Any CPU.Build.0 = Debug|Any CPU
		{659F7D3A-4958-4585-9695-28B98DA56EEC}.Release|Any CPU.ActiveCfg = Release|Any CPU
		{659F7D3A-4958-4585-9695-28B98DA56EEC}.Release|Any CPU.Build.0 = Release|Any CPU
	EndGlobalSection
	GlobalSection(SolutionProperties) = preSolution
		HideSolutionNode = FALSE
	EndGlobalSection
	GlobalSection(ExtensibilityGlobals) = postSolution
		SolutionGuid = {06737D05-E6F3-4BBA-8138-EE5A35E0DBBD}
	EndGlobalSection
EndGlobal
